
Microsoft Visual Studio Solution File, Format Version 12.00
# Visual Studio 14
VisualStudioVersion = 14.0.25420.1
MinimumVisualStudioVersion = 10.0.40219.1
Project("{8BC9CEB8-8B4A-11D0-8D11-00A0C91BC942}") = "Add Two Numbers", "Add Two Numbers\Add Two Numbers.vcxproj", "{8BED8B72-6D30-4FB0-9648-A1DD830D4B43}"
EndProject
Project("{8BC9CEB8-8B4A-11D0-8D11-00A0C91BC942}") = "1.Two Sum", "Two Sum\LeetCode.vcxproj", "{0383724E-5DA3-4948-B4B6-31AEE94B948F}"
EndProject
Project("{8BC9CEB8-8B4A-11D0-8D11-00A0C91BC942}") = "Add Two Numbers 2", "Add Two Numbers 2\Add Two Numbers 2.vcxproj", "{25E6DB5E-A8C5-4736-ABB4-69540F280071}"
EndProject
Project("{8BC9CEB8-8B4A-11D0-8D11-00A0C91BC942}") = "3.Longest SubString", "3.Longest SubString\3.Longest SubString.vcxproj", "{F169354D-6786-47D1-A981-F202A3174CE9}"
EndProject
Global
	GlobalSection(SolutionConfigurationPlatforms) = preSolution
		Debug|x64 = Debug|x64
		Debug|x86 = Debug|x86
		Release|x64 = Release|x64
		Release|x86 = Release|x86
	EndGlobalSection
	GlobalSection(ProjectConfigurationPlatforms) = postSolution
		{8BED8B72-6D30-4FB0-9648-A1DD830D4B43}.Debug|x64.ActiveCfg = Debug|x64
		{8BED8B72-6D30-4FB0-9648-A1DD830D4B43}.Debug|x64.Build.0 = Debug|x64
		{8BED8B72-6D30-4FB0-9648-A1DD830D4B43}.Debug|x86.ActiveCfg = Debug|Win32
		{8BED8B72-6D30-4FB0-9648-A1DD830D4B43}.Debug|x86.Build.0 = Debug|Win32
		{8BED8B72-6D30-4FB0-9648-A1DD830D4B43}.Release|x64.ActiveCfg = Release|x64
		{8BED8B72-6D30-4FB0-9648-A1DD830D4B43}.Release|x64.Build.0 = Release|x64
		{8BED8B72-6D30-4FB0-9648-A1DD830D4B43}.Release|x86.ActiveCfg = Release|Win32
		{8BED8B72-6D30-4FB0-9648-A1DD830D4B43}.Release|x86.Build.0 = Release|Win32
		{0383724E-5DA3-4948-B4B6-31AEE94B948F}.Debug|x64.ActiveCfg = Debug|x64
		{0383724E-5DA3-4948-B4B6-31AEE94B948F}.Debug|x64.Build.0 = Debug|x64
		{0383724E-5DA3-4948-B4B6-31AEE94B948F}.Debug|x86.ActiveCfg = Debug|Win32
		{0383724E-5DA3-4948-B4B6-31AEE94B948F}.Debug|x86.Build.0 = Debug|Win32
		{0383724E-5DA3-4948-B4B6-31AEE94B948F}.Release|x64.ActiveCfg = Release|x64
		{0383724E-5DA3-4948-B4B6-31AEE94B948F}.Release|x64.Build.0 = Release|x64
		{0383724E-5DA3-4948-B4B6-31AEE94B948F}.Release|x86.ActiveCfg = Release|Win32
		{0383724E-5DA3-4948-B4B6-31AEE94B948F}.Release|x86.Build.0 = Release|Win32
		{25E6DB5E-A8C5-4736-ABB4-69540F280071}.Debug|x64.ActiveCfg = Debug|x64
		{25E6DB5E-A8C5-4736-ABB4-69540F280071}.Debug|x64.Build.0 = Debug|x64
		{25E6DB5E-A8C5-4736-ABB4-69540F280071}.Debug|x86.ActiveCfg = Debug|Win32
		{25E6DB5E-A8C5-4736-ABB4-69540F280071}.Debug|x86.Build.0 = Debug|Win32
		{25E6DB5E-A8C5-4736-ABB4-69540F280071}.Release|x64.ActiveCfg = Release|x64
		{25E6DB5E-A8C5-4736-ABB4-69540F280071}.Release|x64.Build.0 = Release|x64
		{25E6DB5E-A8C5-4736-ABB4-69540F280071}.Release|x86.ActiveCfg = Release|Win32
		{25E6DB5E-A8C5-4736-ABB4-69540F280071}.Release|x86.Build.0 = Release|Win32
		{F169354D-6786-47D1-A981-F202A3174CE9}.Debug|x64.ActiveCfg = Debug|x64
		{F169354D-6786-47D1-A981-F202A3174CE9}.Debug|x64.Build.0 = Debug|x64
		{F169354D-6786-47D1-A981-F202A3174CE9}.Debug|x86.ActiveCfg = Debug|Win32
		{F169354D-6786-47D1-A981-F202A3174CE9}.Debug|x86.Build.0 = Debug|Win32
		{F169354D-6786-47D1-A981-F202A3174CE9}.Release|x64.ActiveCfg = Release|x64
		{F169354D-6786-47D1-A981-F202A3174CE9}.Release|x64.Build.0 = Release|x64
		{F169354D-6786-47D1-A981-F202A3174CE9}.Release|x86.ActiveCfg = Release|Win32
		{F169354D-6786-47D1-A981-F202A3174CE9}.Release|x86.Build.0 = Release|Win32
	EndGlobalSection
	GlobalSection(SolutionProperties) = preSolution
		HideSolutionNode = FALSE
	EndGlobalSection
EndGlobal
